
Microsoft Visual Studio Solution File, Format Version 12.00
# Visual Studio Version 16
VisualStudioVersion = 16.0.31313.79
MinimumVisualStudioVersion = 10.0.40219.1
Project("{FAE04EC0-301F-11D3-BF4B-00C04F79EFBC}") = "David_Satterfield_Unit6_IT481", "David_Satterfield_Unit6_IT481\David_Satterfield_Unit6_IT481.csproj", "{FC78642F-303D-4899-9A77-F8480B32716E}"
EndProject
Global
	GlobalSection(SolutionConfigurationPlatforms) = preSolution
		Debug|Any CPU = Debug|Any CPU
		Release|Any CPU = Release|Any CPU
	EndGlobalSection
	GlobalSection(ProjectConfigurationPlatforms) = postSolution
		{FC78642F-303D-4899-9A77-F8480B32716E}.Debug|Any CPU.ActiveCfg = Debug|Any CPU
		{FC78642F-303D-4899-9A77-F8480B32716E}.Debug|Any CPU.Build.0 = Debug|Any CPU
		{FC78642F-303D-4899-9A77-F8480B32716E}.Release|Any CPU.ActiveCfg = Release|Any CPU
		{FC78642F-303D-4899-9A77-F8480B32716E}.Release|Any CPU.Build.0 = Release|Any CPU
	EndGlobalSection
	GlobalSection(SolutionProperties) = preSolution
		HideSolutionNode = FALSE
	EndGlobalSection
	GlobalSection(ExtensibilityGlobals) = postSolution
		SolutionGuid = {39773A0A-1E22-4100-B678-DE6F7727F3D9}
	EndGlobalSection
EndGlobal
